<?xml version="1.0" encoding="utf-8"?>
<Project ToolsVersion="4.0" xmlns="http://schemas.microsoft.com/developer/msbuild/2003">
  <ItemGroup>
    <Filter Include="Source Files">
      <UniqueIdentifier>{4FC737F1-C7A5-4376-A066-2A32D752A2FF}</UniqueIdentifier>
      <Extensions>cpp;c;cc;cxx;def;odl;idl;hpj;bat;asm;asmx</Extensions>
    </Filter>
    <Filter Include="Header Files">
      <UniqueIdentifier>{93995380-89BD-4b04-88EB-625FBE52EBFB}</UniqueIdentifier>
      <Extensions>h;hpp;hxx;hm;inl;inc;xsd</Extensions>
    </Filter>
    <Filter Include="Resource Files">
      <UniqueIdentifier>{67DA6AB6-F800-4c08-8B7A-83BB121AAD01}</UniqueIdentifier>
      <Extensions>rc;ico;cur;bmp;dlg;rc2;rct;bin;rgs;gif;jpg;jpeg;jpe;resx;tiff;tif;png;wav;mfcribbon-ms</Extensions>
    </Filter>
    <Filter Include="Header Files\Network">
      <UniqueIdentifier>{6cd75da8-636a-49fb-8ffc-64119f98a38a}</UniqueIdentifier>
    </Filter>
    <Filter Include="Source Files\Network">
      <UniqueIdentifier>{d7ef7eed-26f2-4028-b797-fea05e7ca6e0}</UniqueIdentifier>
    </Filter>
    <Filter Include="Source Files\Json">
      <UniqueIdentifier>{f9d2c636-086c-4ab4-b3d9-aafd31165dd6}</UniqueIdentifier>
    </Filter>
    <Filter Include="Header Files\Json">
      <UniqueIdentifier>{0b9948fb-4cac-4d9d-8004-d7da8e84d62d}</UniqueIdentifier>
    </Filter>
    <Filter Include="Header Files\Curl">
      <UniqueIdentifier>{45e4812c-dd1a-40bf-8689-b07b09b496b1}</UniqueIdentifier>
    </Filter>
  </ItemGroup>
  <ItemGroup>
    <None Include="ReadMe.txt" />
    <None Include="res\PaperlessPrepare.rc2">
      <Filter>Resource Files</Filter>
    </None>
    <None Include="res\PaperlessPrepare.ico">
      <Filter>Resource Files</Filter>
    </None>
    <None Include="Json\json_internalarray.inl">
      <Filter>Header Files\Json</Filter>
    </None>
    <None Include="Json\json_internalmap.inl">
      <Filter>Header Files\Json</Filter>
    </None>
    <None Include="Json\json_valueiterator.inl">
      <Filter>Header Files\Json</Filter>
    </None>
    <None Include="Curl\curlbuild.h.cmake">
      <Filter>Header Files\Curl</Filter>
    </None>
    <None Include="Curl\curlbuild.h.in">
      <Filter>Header Files\Curl</Filter>
    </None>
    <None Include="Curl\Makefile.am">
      <Filter>Header Files\Curl</Filter>
    </None>
    <None Include="Curl\Makefile.in">
      <Filter>Header Files\Curl</Filter>
    </None>
  </ItemGroup>
  <ItemGroup>
    <ClInclude Include="PaperlessPrepare.h">
      <Filter>Header Files</Filter>
    </ClInclude>
    <ClInclude Include="PaperlessPrepareDlg.h">
      <Filter>Header Files</Filter>
    </ClInclude>
    <ClInclude Include="stdafx.h">
      <Filter>Header Files</Filter>
    </ClInclude>
    <ClInclude Include="targetver.h">
      <Filter>Header Files</Filter>
    </ClInclude>
    <ClInclude Include="Resource.h">
      <Filter>Header Files</Filter>
    </ClInclude>
    <ClInclude Include="MyTTrace.h">
      <Filter>Header Files</Filter>
    </ClInclude>
    <ClInclude Include="utils.h">
      <Filter>Header Files</Filter>
    </ClInclude>
    <ClInclude Include="Json\autolink.h">
      <Filter>Header Files\Json</Filter>
    </ClInclude>
    <ClInclude Include="Json\config.h">
      <Filter>Header Files\Json</Filter>
    </ClInclude>
    <ClInclude Include="Json\features.h">
      <Filter>Header Files\Json</Filter>
    </ClInclude>
    <ClInclude Include="Json\forwards.h">
      <Filter>Header Files\Json</Filter>
    </ClInclude>
    <ClInclude Include="Json\json.h">
      <Filter>Header Files\Json</Filter>
    </ClInclude>
    <ClInclude Include="Json\json_batchallocator.h">
      <Filter>Header Files\Json</Filter>
    </ClInclude>
    <ClInclude Include="Json\reader.h">
      <Filter>Header Files\Json</Filter>
    </ClInclude>
    <ClInclude Include="Json\value.h">
      <Filter>Header Files\Json</Filter>
    </ClInclude>
    <ClInclude Include="Json\writer.h">
      <Filter>Header Files\Json</Filter>
    </ClInclude>
    <ClInclude Include="Curl\curl.h">
      <Filter>Header Files\Curl</Filter>
    </ClInclude>
    <ClInclude Include="Curl\curlbuild.h">
      <Filter>Header Files\Curl</Filter>
    </ClInclude>
    <ClInclude Include="Curl\curlrules.h">
      <Filter>Header Files\Curl</Filter>
    </ClInclude>
    <ClInclude Include="Curl\curlver.h">
      <Filter>Header Files\Curl</Filter>
    </ClInclude>
    <ClInclude Include="Curl\easy.h">
      <Filter>Header Files\Curl</Filter>
    </ClInclude>
    <ClInclude Include="Curl\mprintf.h">
      <Filter>Header Files\Curl</Filter>
    </ClInclude>
    <ClInclude Include="Curl\multi.h">
      <Filter>Header Files\Curl</Filter>
    </ClInclude>
    <ClInclude Include="Curl\stdcheaders.h">
      <Filter>Header Files\Curl</Filter>
    </ClInclude>
    <ClInclude Include="Curl\typecheck-gcc.h">
      <Filter>Header Files\Curl</Filter>
    </ClInclude>
    <ClInclude Include="Network\HttpComm.h">
      <Filter>Header Files\Network</Filter>
    </ClInclude>
    <ClInclude Include="CBase64.h">
      <Filter>Header Files</Filter>
    </ClInclude>
  </ItemGroup>
  <ItemGroup>
    <ClCompile Include="PaperlessPrepare.cpp">
      <Filter>Source Files</Filter>
    </ClCompile>
    <ClCompile Include="PaperlessPrepareDlg.cpp">
      <Filter>Source Files</Filter>
    </ClCompile>
    <ClCompile Include="stdafx.cpp">
      <Filter>Source Files</Filter>
    </ClCompile>
    <ClCompile Include="MyTTrace.cpp">
      <Filter>Source Files</Filter>
    </ClCompile>
    <ClCompile Include="utils.cpp">
      <Filter>Source Files</Filter>
    </ClCompile>
    <ClCompile Include="Json\json_reader.cpp">
      <Filter>Source Files\Json</Filter>
    </ClCompile>
    <ClCompile Include="Json\json_value.cpp">
      <Filter>Source Files\Json</Filter>
    </ClCompile>
    <ClCompile Include="Json\json_writer.cpp">
      <Filter>Source Files\Json</Filter>
    </ClCompile>
    <ClCompile Include="Network\HttpComm.cpp">
      <Filter>Source Files\Network</Filter>
    </ClCompile>
    <ClCompile Include="CBase64.cpp">
      <Filter>Source Files</Filter>
    </ClCompile>
  </ItemGroup>
  <ItemGroup>
    <ResourceCompile Include="PaperlessPrepare.rc">
      <Filter>Resource Files</Filter>
    </ResourceCompile>
  </ItemGroup>
</Project>