
Microsoft Visual Studio Solution File, Format Version 11.00
# Visual Studio 2010
Project("{8BC9CEB8-8B4A-11D0-8D11-00A0C91BC942}") = "XXbgService", "XXbgService\XXbgService.vcxproj", "{1610BDCC-3915-4353-BCF1-049864B44858}"
EndProject
Project("{8BC9CEB8-8B4A-11D0-8D11-00A0C91BC942}") = "GHook", "..\全局钩子\GHook\GHook\GHook.vcxproj", "{81BCE66F-899B-4884-8407-90C128D5FD29}"
EndProject
Project("{8BC9CEB8-8B4A-11D0-8D11-00A0C91BC942}") = "PaperlessRestart", "PaperlessRestart\PaperlessRestart.vcxproj", "{335A669E-A830-4F1A-917B-09873F14811F}"
EndProject
Global
	GlobalSection(SolutionConfigurationPlatforms) = preSolution
		Debug|Win32 = Debug|Win32
		GTNETDLL_Debug|Win32 = GTNETDLL_Debug|Win32
		GTNETDLL_Release|Win32 = GTNETDLL_Release|Win32
		OLDIOCP_Debug|Win32 = OLDIOCP_Debug|Win32
		OLDIOCP_Release|Win32 = OLDIOCP_Release|Win32
		Release|Win32 = Release|Win32
	EndGlobalSection
	GlobalSection(ProjectConfigurationPlatforms) = postSolution
		{1610BDCC-3915-4353-BCF1-049864B44858}.Debug|Win32.ActiveCfg = Debug|Win32
		{1610BDCC-3915-4353-BCF1-049864B44858}.Debug|Win32.Build.0 = Debug|Win32
		{1610BDCC-3915-4353-BCF1-049864B44858}.GTNETDLL_Debug|Win32.ActiveCfg = Debug|Win32
		{1610BDCC-3915-4353-BCF1-049864B44858}.GTNETDLL_Debug|Win32.Build.0 = Debug|Win32
		{1610BDCC-3915-4353-BCF1-049864B44858}.GTNETDLL_Release|Win32.ActiveCfg = Release|Win32
		{1610BDCC-3915-4353-BCF1-049864B44858}.GTNETDLL_Release|Win32.Build.0 = Release|Win32
		{1610BDCC-3915-4353-BCF1-049864B44858}.OLDIOCP_Debug|Win32.ActiveCfg = Debug|Win32
		{1610BDCC-3915-4353-BCF1-049864B44858}.OLDIOCP_Debug|Win32.Build.0 = Debug|Win32
		{1610BDCC-3915-4353-BCF1-049864B44858}.OLDIOCP_Release|Win32.ActiveCfg = Release|Win32
		{1610BDCC-3915-4353-BCF1-049864B44858}.OLDIOCP_Release|Win32.Build.0 = Release|Win32
		{1610BDCC-3915-4353-BCF1-049864B44858}.Release|Win32.ActiveCfg = Release|Win32
		{1610BDCC-3915-4353-BCF1-049864B44858}.Release|Win32.Build.0 = Release|Win32
		{81BCE66F-899B-4884-8407-90C128D5FD29}.Debug|Win32.ActiveCfg = Debug|Win32
		{81BCE66F-899B-4884-8407-90C128D5FD29}.Debug|Win32.Build.0 = Debug|Win32
		{81BCE66F-899B-4884-8407-90C128D5FD29}.GTNETDLL_Debug|Win32.ActiveCfg = Debug|Win32
		{81BCE66F-899B-4884-8407-90C128D5FD29}.GTNETDLL_Debug|Win32.Build.0 = Debug|Win32
		{81BCE66F-899B-4884-8407-90C128D5FD29}.GTNETDLL_Release|Win32.ActiveCfg = Release|Win32
		{81BCE66F-899B-4884-8407-90C128D5FD29}.GTNETDLL_Release|Win32.Build.0 = Release|Win32
		{81BCE66F-899B-4884-8407-90C128D5FD29}.OLDIOCP_Debug|Win32.ActiveCfg = Debug|Win32
		{81BCE66F-899B-4884-8407-90C128D5FD29}.OLDIOCP_Debug|Win32.Build.0 = Debug|Win32
		{81BCE66F-899B-4884-8407-90C128D5FD29}.OLDIOCP_Release|Win32.ActiveCfg = Release|Win32
		{81BCE66F-899B-4884-8407-90C128D5FD29}.OLDIOCP_Release|Win32.Build.0 = Release|Win32
		{81BCE66F-899B-4884-8407-90C128D5FD29}.Release|Win32.ActiveCfg = Release|Win32
		{81BCE66F-899B-4884-8407-90C128D5FD29}.Release|Win32.Build.0 = Release|Win32
		{335A669E-A830-4F1A-917B-09873F14811F}.Debug|Win32.ActiveCfg = Debug|Win32
		{335A669E-A830-4F1A-917B-09873F14811F}.Debug|Win32.Build.0 = Debug|Win32
		{335A669E-A830-4F1A-917B-09873F14811F}.GTNETDLL_Debug|Win32.ActiveCfg = Debug|Win32
		{335A669E-A830-4F1A-917B-09873F14811F}.GTNETDLL_Debug|Win32.Build.0 = Debug|Win32
		{335A669E-A830-4F1A-917B-09873F14811F}.GTNETDLL_Release|Win32.ActiveCfg = Release|Win32
		{335A669E-A830-4F1A-917B-09873F14811F}.GTNETDLL_Release|Win32.Build.0 = Release|Win32
		{335A669E-A830-4F1A-917B-09873F14811F}.OLDIOCP_Debug|Win32.ActiveCfg = Debug|Win32
		{335A669E-A830-4F1A-917B-09873F14811F}.OLDIOCP_Debug|Win32.Build.0 = Debug|Win32
		{335A669E-A830-4F1A-917B-09873F14811F}.OLDIOCP_Release|Win32.ActiveCfg = Release|Win32
		{335A669E-A830-4F1A-917B-09873F14811F}.OLDIOCP_Release|Win32.Build.0 = Release|Win32
		{335A669E-A830-4F1A-917B-09873F14811F}.Release|Win32.ActiveCfg = Release|Win32
		{335A669E-A830-4F1A-917B-09873F14811F}.Release|Win32.Build.0 = Release|Win32
	EndGlobalSection
	GlobalSection(SolutionProperties) = preSolution
		HideSolutionNode = FALSE
	EndGlobalSection
EndGlobal
